
Microsoft Visual Studio Solution File, Format Version 12.00
# Visual Studio Version 17
VisualStudioVersion = 17.0.32112.339
MinimumVisualStudioVersion = 10.0.40219.1
Project("{9A19103F-16F7-4668-BE54-9A1E7A4F7556}") = "I_Invoice_Repository_Pattern", "I_Invoice_Repository_Pattern\I_Invoice_Repository_Pattern.csproj", "{30493366-4A4B-4488-8CAA-0E9AF034F4B3}"
EndProject
Project("{FAE04EC0-301F-11D3-BF4B-00C04F79EFBC}") = "I_Invoice_WPF", "I_Invoice_WPF\I_Invoice_WPF.csproj", "{4BC28BD6-9349-4148-870F-288D6B41781E}"
EndProject
Global
	GlobalSection(SolutionConfigurationPlatforms) = preSolution
		Debug|Any CPU = Debug|Any CPU
		Release|Any CPU = Release|Any CPU
	EndGlobalSection
	GlobalSection(ProjectConfigurationPlatforms) = postSolution
		{30493366-4A4B-4488-8CAA-0E9AF034F4B3}.Debug|Any CPU.ActiveCfg = Debug|Any CPU
		{30493366-4A4B-4488-8CAA-0E9AF034F4B3}.Debug|Any CPU.Build.0 = Debug|Any CPU
		{30493366-4A4B-4488-8CAA-0E9AF034F4B3}.Release|Any CPU.ActiveCfg = Release|Any CPU
		{30493366-4A4B-4488-8CAA-0E9AF034F4B3}.Release|Any CPU.Build.0 = Release|Any CPU
		{4BC28BD6-9349-4148-870F-288D6B41781E}.Debug|Any CPU.ActiveCfg = Debug|Any CPU
		{4BC28BD6-9349-4148-870F-288D6B41781E}.Debug|Any CPU.Build.0 = Debug|Any CPU
		{4BC28BD6-9349-4148-870F-288D6B41781E}.Release|Any CPU.ActiveCfg = Release|Any CPU
		{4BC28BD6-9349-4148-870F-288D6B41781E}.Release|Any CPU.Build.0 = Release|Any CPU
	EndGlobalSection
	GlobalSection(SolutionProperties) = preSolution
		HideSolutionNode = FALSE
	EndGlobalSection
	GlobalSection(ExtensibilityGlobals) = postSolution
		SolutionGuid = {91FDEE19-F619-4FAE-A4CE-51420F10C281}
	EndGlobalSection
EndGlobal
